
Microsoft Visual Studio Solution File, Format Version 12.00
# Visual Studio Version 16
VisualStudioVersion = 16.0.29424.173
MinimumVisualStudioVersion = 10.0.40219.1
Project("{FAE04EC0-301F-11D3-BF4B-00C04F79EFBC}") = "DreamTeam_Blog", "DreamTeam_Blog\DreamTeam_Blog.csproj", "{C2772799-5130-4C63-8B84-37E18C5C949B}"
EndProject
Global
	GlobalSection(SolutionConfigurationPlatforms) = preSolution
		Debug|Any CPU = Debug|Any CPU
		Release|Any CPU = Release|Any CPU
	EndGlobalSection
	GlobalSection(ProjectConfigurationPlatforms) = postSolution
		{C2772799-5130-4C63-8B84-37E18C5C949B}.Debug|Any CPU.ActiveCfg = Debug|Any CPU
		{C2772799-5130-4C63-8B84-37E18C5C949B}.Debug|Any CPU.Build.0 = Debug|Any CPU
		{C2772799-5130-4C63-8B84-37E18C5C949B}.Release|Any CPU.ActiveCfg = Release|Any CPU
		{C2772799-5130-4C63-8B84-37E18C5C949B}.Release|Any CPU.Build.0 = Release|Any CPU
	EndGlobalSection
	GlobalSection(SolutionProperties) = preSolution
		HideSolutionNode = FALSE
	EndGlobalSection
	GlobalSection(ExtensibilityGlobals) = postSolution
		SolutionGuid = {4EFC9AA9-15D9-4287-A69C-436BD454A2DE}
	EndGlobalSection
EndGlobal
